# This file is automatically @generated by Cargo.
# It is not intended for manual editing.
version = 3

[[package]]
name = "auto_ops"
version = "0.3.0"
source = "registry+https://github.com/rust-lang/crates.io-index"
checksum = "7460f7dd8e100147b82a63afca1a20eb6c231ee36b90ba7272e14951cb58af59"

[[package]]
name = "combinations"
version = "0.1.0"
source = "registry+https://github.com/rust-lang/crates.io-index"
checksum = "728b7ab3119b5167cc60a4aad16b6086b762278f5571cc650e7eed2e89a23a15"

[[package]]
name = "either"
version = "1.7.0"
source = "registry+https://github.com/rust-lang/crates.io-index"
checksum = "3f107b87b6afc2a64fd13cac55fe06d6c8859f12d4b14cbcdd2c67d0976781be"

[[package]]
name = "gen_ops"
version = "0.1.2"
source = "registry+https://github.com/rust-lang/crates.io-index"
checksum = "cf6e617a3a47744a9ce56cb91c0ccaf479647784635576a8001202b8b34b648a"

[[package]]
name = "itertools"
version = "0.10.3"
source = "registry+https://github.com/rust-lang/crates.io-index"
checksum = "a9a9d19fa1e79b6215ff29b9d6880b706147f16e9b1dbb1e4e5947b5b02bc5e3"
dependencies = [
 "either",
]

[[package]]
name = "quickmaths"
version = "0.1.0"
dependencies = [
 "auto_ops",
 "combinations",
 "gen_ops",
 "itertools",
 "seq-macro",
 "swizz_macro",
]

[[package]]
name = "seq-macro"
version = "0.3.0"
source = "registry+https://github.com/rust-lang/crates.io-index"
checksum = "70d9841243dbc9928f5fed7946d2862292eebd823d96e13e556924d3db0120d2"

[[package]]
name = "swizz_macro"
version = "0.1.0"
dependencies = [
 "itertools",
]
